{
  "version": 1,
  "dependencies": {
    ".NETFramework,Version=v4.6.2": {
      "UnityEngine.Modules": {
        "type": "Direct",
        "requested": "[2020.3.41, 2020.3.41]",
        "resolved": "2020.3.41",
        "contentHash": "iGhQ85jLFhRFKhKlrbBdg9nna1trMmsNiPk7E7+4Sh2qsU6o0xcVpO2Kix4EZe110KpFeauCy/mT7Sx6VI22ZA=="
      }
    }
  }
}