
Microsoft Visual Studio Solution File, Format Version 12.00
# Visual Studio Version 17
VisualStudioVersion = 17.0.31903.59
MinimumVisualStudioVersion = 10.0.40219.1
Project("{2150E333-8FDC-42A3-9474-1A3956D46DE8}") = "Solution Items", "Solution Items", "{E5C5D2B9-639B-48CF-B5B0-E44FD7F24B1E}"
	ProjectSection(SolutionItems) = preProject
		..\.gitattributes = ..\.gitattributes
		..\.gitignore = ..\.gitignore
		..\LICENSE = ..\LICENSE
	EndProjectSection
EndProject
Project("{2150E333-8FDC-42A3-9474-1A3956D46DE8}") = ".github", ".github", "{E64D67E6-C2B6-471C-990D-2E9A91427B64}"
EndProject
Project("{2150E333-8FDC-42A3-9474-1A3956D46DE8}") = "workflows", "workflows", "{1960DCD1-3C51-48FF-BFF8-5FE4C3CBABB2}"
	ProjectSection(SolutionItems) = preProject
		..\.github\workflows\discord.yml = ..\.github\workflows\discord.yml
		..\.github\workflows\publicize_assemblies.yml = ..\.github\workflows\publicize_assemblies.yml
		..\.github\workflows\release.yml = ..\.github\workflows\release.yml
	EndProjectSection
EndProject
Project("{2150E333-8FDC-42A3-9474-1A3956D46DE8}") = "docs", "docs", "{D1947A80-A380-4679-AC1F-19402049E8EE}"
	ProjectSection(SolutionItems) = preProject
		..\docs\README.md = ..\docs\README.md
	EndProjectSection
EndProject
Project("{9A19103F-16F7-4668-BE54-9A1E7A4F7556}") = "UnitTests", "UnitTests\UnitTests.csproj", "{CD69CB07-63E0-4A9A-BBA1-11E965126979}"
EndProject
Project("{9A19103F-16F7-4668-BE54-9A1E7A4F7556}") = "Digitalroot.Valheim.References", "Digitalroot.Valheim.References\Digitalroot.Valheim.References.csproj", "{85E44F31-2FE7-47C7-B21E-4218FBF9E023}"
EndProject
Project("{9A19103F-16F7-4668-BE54-9A1E7A4F7556}") = "Digitalroot.Valheim.References.EpicLoot", "Digitalroot.Valheim.References.EpicLoot\Digitalroot.Valheim.References.EpicLoot.csproj", "{75BC22B7-D930-4B5C-9AF7-3C49597EE421}"
EndProject
Project("{9A19103F-16F7-4668-BE54-9A1E7A4F7556}") = "Digitalroot.Valheim.References.JvL", "Digitalroot.Valheim.References.JvL\Digitalroot.Valheim.References.JvL.csproj", "{8998BBD3-BBFA-42ED-8B36-26F88DC31908}"
EndProject
Global
	GlobalSection(SolutionConfigurationPlatforms) = preSolution
		Debug|Any CPU = Debug|Any CPU
		Release|Any CPU = Release|Any CPU
	EndGlobalSection
	GlobalSection(ProjectConfigurationPlatforms) = postSolution
		{CD69CB07-63E0-4A9A-BBA1-11E965126979}.Debug|Any CPU.ActiveCfg = Debug|Any CPU
		{CD69CB07-63E0-4A9A-BBA1-11E965126979}.Debug|Any CPU.Build.0 = Debug|Any CPU
		{CD69CB07-63E0-4A9A-BBA1-11E965126979}.Release|Any CPU.ActiveCfg = Release|Any CPU
		{CD69CB07-63E0-4A9A-BBA1-11E965126979}.Release|Any CPU.Build.0 = Release|Any CPU
		{85E44F31-2FE7-47C7-B21E-4218FBF9E023}.Debug|Any CPU.ActiveCfg = Debug|Any CPU
		{85E44F31-2FE7-47C7-B21E-4218FBF9E023}.Debug|Any CPU.Build.0 = Debug|Any CPU
		{85E44F31-2FE7-47C7-B21E-4218FBF9E023}.Release|Any CPU.ActiveCfg = Release|Any CPU
		{85E44F31-2FE7-47C7-B21E-4218FBF9E023}.Release|Any CPU.Build.0 = Release|Any CPU
		{75BC22B7-D930-4B5C-9AF7-3C49597EE421}.Debug|Any CPU.ActiveCfg = Debug|Any CPU
		{75BC22B7-D930-4B5C-9AF7-3C49597EE421}.Debug|Any CPU.Build.0 = Debug|Any CPU
		{75BC22B7-D930-4B5C-9AF7-3C49597EE421}.Release|Any CPU.ActiveCfg = Release|Any CPU
		{75BC22B7-D930-4B5C-9AF7-3C49597EE421}.Release|Any CPU.Build.0 = Release|Any CPU
		{8998BBD3-BBFA-42ED-8B36-26F88DC31908}.Debug|Any CPU.ActiveCfg = Debug|Any CPU
		{8998BBD3-BBFA-42ED-8B36-26F88DC31908}.Debug|Any CPU.Build.0 = Debug|Any CPU
		{8998BBD3-BBFA-42ED-8B36-26F88DC31908}.Release|Any CPU.ActiveCfg = Release|Any CPU
		{8998BBD3-BBFA-42ED-8B36-26F88DC31908}.Release|Any CPU.Build.0 = Release|Any CPU
	EndGlobalSection
	GlobalSection(SolutionProperties) = preSolution
		HideSolutionNode = FALSE
	EndGlobalSection
	GlobalSection(NestedProjects) = preSolution
		{E64D67E6-C2B6-471C-990D-2E9A91427B64} = {E5C5D2B9-639B-48CF-B5B0-E44FD7F24B1E}
		{1960DCD1-3C51-48FF-BFF8-5FE4C3CBABB2} = {E64D67E6-C2B6-471C-990D-2E9A91427B64}
		{D1947A80-A380-4679-AC1F-19402049E8EE} = {E5C5D2B9-639B-48CF-B5B0-E44FD7F24B1E}
	EndGlobalSection
	GlobalSection(ExtensibilityGlobals) = postSolution
		SolutionGuid = {46DD4389-95C4-4F57-BB16-2A9A816F46B9}
	EndGlobalSection
EndGlobal
